
Microsoft Visual Studio Solution File, Format Version 12.00
# Visual Studio Version 17
VisualStudioVersion = 17.6.33815.320
MinimumVisualStudioVersion = 10.0.40219.1
Project("{FAE04EC0-301F-11D3-BF4B-00C04F79EFBC}") = "asp_net", "asp_net.csproj", "{D8E8CF69-4AED-45BC-B382-CDE989DF4F32}"
EndProject
Global
	GlobalSection(SolutionConfigurationPlatforms) = preSolution
		Debug|Any CPU = Debug|Any CPU
		Release|Any CPU = Release|Any CPU
	EndGlobalSection
	GlobalSection(ProjectConfigurationPlatforms) = postSolution
		{D8E8CF69-4AED-45BC-B382-CDE989DF4F32}.Debug|Any CPU.ActiveCfg = Debug|Any CPU
		{D8E8CF69-4AED-45BC-B382-CDE989DF4F32}.Debug|Any CPU.Build.0 = Debug|Any CPU
		{D8E8CF69-4AED-45BC-B382-CDE989DF4F32}.Release|Any CPU.ActiveCfg = Release|Any CPU
		{D8E8CF69-4AED-45BC-B382-CDE989DF4F32}.Release|Any CPU.Build.0 = Release|Any CPU
	EndGlobalSection
	GlobalSection(SolutionProperties) = preSolution
		HideSolutionNode = FALSE
	EndGlobalSection
	GlobalSection(ExtensibilityGlobals) = postSolution
		SolutionGuid = {95CBA348-9689-4099-934A-82684BF64E3E}
	EndGlobalSection
EndGlobal
