
Microsoft Visual Studio Solution File, Format Version 12.00
# Visual Studio Version 17
VisualStudioVersion = 17.6.33815.320
MinimumVisualStudioVersion = 10.0.40219.1
Project("{FAE04EC0-301F-11D3-BF4B-00C04F79EFBC}") = "aps_ciberseguridad", "aps_ciberseguridad\aps_ciberseguridad.csproj", "{3C09E91E-E38B-4A70-8B7E-BC908E57245D}"
EndProject
Global
	GlobalSection(SolutionConfigurationPlatforms) = preSolution
		Debug|Any CPU = Debug|Any CPU
		Release|Any CPU = Release|Any CPU
	EndGlobalSection
	GlobalSection(ProjectConfigurationPlatforms) = postSolution
		{3C09E91E-E38B-4A70-8B7E-BC908E57245D}.Debug|Any CPU.ActiveCfg = Debug|Any CPU
		{3C09E91E-E38B-4A70-8B7E-BC908E57245D}.Debug|Any CPU.Build.0 = Debug|Any CPU
		{3C09E91E-E38B-4A70-8B7E-BC908E57245D}.Release|Any CPU.ActiveCfg = Release|Any CPU
		{3C09E91E-E38B-4A70-8B7E-BC908E57245D}.Release|Any CPU.Build.0 = Release|Any CPU
	EndGlobalSection
	GlobalSection(SolutionProperties) = preSolution
		HideSolutionNode = FALSE
	EndGlobalSection
	GlobalSection(ExtensibilityGlobals) = postSolution
		SolutionGuid = {D608A4D5-4C80-4B9E-AF6B-CD07B57A2B80}
	EndGlobalSection
EndGlobal
